// !$*UTF8*$!
{
	archiveVersion = 1;
	classes = {
	};
	objectVersion = 56;
	objects = {

/* Begin PBXBuildFile section */
		31CCFEA62B694F9100022A1E /* AppDelegate.swift in Sources */ = {isa = PBXBuildFile; fileRef = 31CCFEA52B694F9100022A1E /* AppDelegate.swift */; };
		31CCFEA82B694F9100022A1E /* SceneDelegate.swift in Sources */ = {isa = PBXBuildFile; fileRef = 31CCFEA72B694F9100022A1E /* SceneDelegate.swift */; };
		31CCFEAA2B694F9100022A1E /* ViewController.swift in Sources */ = {isa = PBXBuildFile; fileRef = 31CCFEA92B694F9100022A1E /* ViewController.swift */; };
		31CCFEAD2B694F9100022A1E /* Main.storyboard in Resources */ = {isa = PBXBuildFile; fileRef = 31CCFEAB2B694F9100022A1E /* Main.storyboard */; };
		31CCFEAF2B694F9200022A1E /* Assets.xcassets in Resources */ = {isa = PBXBuildFile; fileRef = 31CCFEAE2B694F9200022A1E /* Assets.xcassets */; };
		31CCFEB22B694F9200022A1E /* LaunchScreen.storyboard in Resources */ = {isa = PBXBuildFile; fileRef = 31CCFEB02B694F9200022A1E /* LaunchScreen.storyboard */; };
		31CCFEBD2B694F9200022A1E /* WetherAppTests.swift in Sources */ = {isa = PBXBuildFile; fileRef = 31CCFEBC2B694F9200022A1E /* WetherAppTests.swift */; };
		31CCFEC72B694F9200022A1E /* WetherAppUITests.swift in Sources */ = {isa = PBXBuildFile; fileRef = 31CCFEC62B694F9200022A1E /* WetherAppUITests.swift */; };
		31CCFEC92B694F9200022A1E /* WetherAppUITestsLaunchTests.swift in Sources */ = {isa = PBXBuildFile; fileRef = 31CCFEC82B694F9200022A1E /* WetherAppUITestsLaunchTests.swift */; };
/* End PBXBuildFile section */

/* Begin PBXContainerItemProxy section */
		31CCFEB92B694F9200022A1E /* PBXContainerItemProxy */ = {
			isa = PBXContainerItemProxy;
			containerPortal = 31CCFE9A2B694F9100022A1E /* Project object */;
			proxyType = 1;
			remoteGlobalIDString = 31CCFEA12B694F9100022A1E;
			remoteInfo = WetherApp;
		};
		31CCFEC32B694F9200022A1E /* PBXContainerItemProxy */ = {
			isa = PBXContainerItemProxy;
			containerPortal = 31CCFE9A2B694F9100022A1E /* Project object */;
			proxyType = 1;
			remoteGlobalIDString = 31CCFEA12B694F9100022A1E;
			remoteInfo = WetherApp;
		};
/* End PBXContainerItemProxy section */

/* Begin PBXFileReference section */
		31CCFEA22B694F9100022A1E /* WetherApp.app */ = {isa = PBXFileReference; explicitFileType = wrapper.application; includeInIndex = 0; path = WetherApp.app; sourceTree = BUILT_PRODUCTS_DIR; };
		31CCFEA52B694F9100022A1E /* AppDelegate.swift */ = {isa = PBXFileReference; lastKnownFileType = sourcecode.swift; path = AppDelegate.swift; sourceTree = "<group>"; };
		31CCFEA72B694F9100022A1E /* SceneDelegate.swift */ = {isa = PBXFileReference; lastKnownFileType = sourcecode.swift; path = SceneDelegate.swift; sourceTree = "<group>"; };
		31CCFEA92B694F9100022A1E /* ViewController.swift */ = {isa = PBXFileReference; lastKnownFileType = sourcecode.swift; path = ViewController.swift; sourceTree = "<group>"; };
		31CCFEAC2B694F9100022A1E /* Base */ = {isa = PBXFileReference; lastKnownFileType = file.storyboard; name = Base; path = Base.lproj/Main.storyboard; sourceTree = "<group>"; };
		31CCFEAE2B694F9200022A1E /* Assets.xcassets */ = {isa = PBXFileReference; lastKnownFileType = folder.assetcatalog; path = Assets.xcassets; sourceTree = "<group>"; };
		31CCFEB12B694F9200022A1E /* Base */ = {isa = PBXFileReference; lastKnownFileType = file.storyboard; name = Base; path = Base.lproj/LaunchScreen.storyboard; sourceTree = "<group>"; };
		31CCFEB32B694F9200022A1E /* Info.plist */ = {isa = PBXFileReference; lastKnownFileType = text.plist.xml; path = Info.plist; sourceTree = "<group>"; };
		31CCFEB82B694F9200022A1E /* WetherAppTests.xctest */ = {isa = PBXFileReference; explicitFileType = wrapper.cfbundle; includeInIndex = 0; path = WetherAppTests.xctest; sourceTree = BUILT_PRODUCTS_DIR; };
		31CCFEBC2B694F9200022A1E /* WetherAppTests.swift */ = {isa = PBXFileReference; lastKnownFileType = sourcecode.swift; path = WetherAppTests.swift; sourceTree = "<group>"; };
		31CCFEC22B694F9200022A1E /* WetherAppUITests.xctest */ = {isa = PBXFileReference; explicitFileType = wrapper.cfbundle; includeInIndex = 0; path = WetherAppUITests.xctest; sourceTree = BUILT_PRODUCTS_DIR; };
		31CCFEC62B694F9200022A1E /* WetherAppUITests.swift */ = {isa = PBXFileReference; lastKnownFileType = sourcecode.swift; path = WetherAppUITests.swift; sourceTree = "<group>"; };
		31CCFEC82B694F9200022A1E /* WetherAppUITestsLaunchTests.swift */ = {isa = PBXFileReference; lastKnownFileType = sourcecode.swift; path = WetherAppUITestsLaunchTests.swift; sourceTree = "<group>"; };
/* End PBXFileReference section */

/* Begin PBXFrameworksBuildPhase section */
		31CCFE9F2B694F9100022A1E /* Frameworks */ = {
			isa = PBXFrameworksBuildPhase;
			buildActionMask = 2147483647;
			files = (
			);
			runOnlyForDeploymentPostprocessing = 0;
		};
		31CCFEB52B694F9200022A1E /* Frameworks */ = {
			isa = PBXFrameworksBuildPhase;
			buildActionMask = 2147483647;
			files = (
			);
			runOnlyForDeploymentPostprocessing = 0;
		};
		31CCFEBF2B694F9200022A1E /* Frameworks */ = {
			isa = PBXFrameworksBuildPhase;
			buildActionMask = 2147483647;
			files = (
			);
			runOnlyForDeploymentPostprocessing = 0;
		};
/* End PBXFrameworksBuildPhase section */

/* Begin PBXGroup section */
		31CCFE992B694F9100022A1E = {
			isa = PBXGroup;
			children = (
				31CCFEA42B694F9100022A1E /* WetherApp */,
				31CCFEBB2B694F9200022A1E /* WetherAppTests */,
				31CCFEC52B694F9200022A1E /* WetherAppUITests */,
				31CCFEA32B694F9100022A1E /* Products */,
			);
			sourceTree = "<group>";
		};
		31CCFEA32B694F9100022A1E /* Products */ = {
			isa = PBXGroup;
			children = (
				31CCFEA22B694F9100022A1E /* WetherApp.app */,
				31CCFEB82B694F9200022A1E /* WetherAppTests.xctest */,
				31CCFEC22B694F9200022A1E /* WetherAppUITests.xctest */,
			);
			name = Products;
			sourceTree = "<group>";
		};
		31CCFEA42B694F9100022A1E /* WetherApp */ = {
			isa = PBXGroup;
			children = (
				31CCFEA52B694F9100022A1E /* AppDelegate.swift */,
				31CCFEA72B694F9100022A1E /* SceneDelegate.swift */,
				31CCFEA92B694F9100022A1E /* ViewController.swift */,
				31CCFEAB2B694F9100022A1E /* Main.storyboard */,
				31CCFEAE2B694F9200022A1E /* Assets.xcassets */,
				31CCFEB02B694F9200022A1E /* LaunchScreen.storyboard */,
				31CCFEB32B694F9200022A1E /* Info.plist */,
			);
			path = WetherApp;
			sourceTree = "<group>";
		};
		31CCFEBB2B694F9200022A1E /* WetherAppTests */ = {
			isa = PBXGroup;
			children = (
				31CCFEBC2B694F9200022A1E /* WetherAppTests.swift */,
			);
			path = WetherAppTests;
			sourceTree = "<group>";
		};
		31CCFEC52B694F9200022A1E /* WetherAppUITests */ = {
			isa = PBXGroup;
			children = (
				31CCFEC62B694F9200022A1E /* WetherAppUITests.swift */,
				31CCFEC82B694F9200022A1E /* WetherAppUITestsLaunchTests.swift */,
			);
			path = WetherAppUITests;
			sourceTree = "<group>";
		};
/* End PBXGroup section */

/* Begin PBXNativeTarget section */
		31CCFEA12B694F9100022A1E /* WetherApp */ = {
			isa = PBXNativeTarget;
			buildConfigurationList = 31CCFECC2B694F9200022A1E /* Build configuration list for PBXNativeTarget "WetherApp" */;
			buildPhases = (
				31CCFE9E2B694F9100022A1E /* Sources */,
				31CCFE9F2B694F9100022A1E /* Frameworks */,
				31CCFEA02B694F9100022A1E /* Resources */,
			);
			buildRules = (
			);
			dependencies = (
			);
			name = WetherApp;
			productName = WetherApp;
			productReference = 31CCFEA22B694F9100022A1E /* WetherApp.app */;
			productType = "com.apple.product-type.application";
		};
		31CCFEB72B694F9200022A1E /* WetherAppTests */ = {
			isa = PBXNativeTarget;
			buildConfigurationList = 31CCFECF2B694F9200022A1E /* Build configuration list for PBXNativeTarget "WetherAppTests" */;
			buildPhases = (
				31CCFEB42B694F9200022A1E /* Sources */,
				31CCFEB52B694F9200022A1E /* Frameworks */,
				31CCFEB62B694F9200022A1E /* Resources */,
			);
			buildRules = (
			);
			dependencies = (
				31CCFEBA2B694F9200022A1E /* PBXTargetDependency */,
			);
			name = WetherAppTests;
			productName = WetherAppTests;
			productReference = 31CCFEB82B694F9200022A1E /* WetherAppTests.xctest */;
			productType = "com.apple.product-type.bundle.unit-test";
		};
		31CCFEC12B694F9200022A1E /* WetherAppUITests */ = {
			isa = PBXNativeTarget;
			buildConfigurationList = 31CCFED22B694F9200022A1E /* Build configuration list for PBXNativeTarget "WetherAppUITests" */;
			buildPhases = (
				31CCFEBE2B694F9200022A1E /* Sources */,
				31CCFEBF2B694F9200022A1E /* Frameworks */,
				31CCFEC02B694F9200022A1E /* Resources */,
			);
			buildRules = (
			);
			dependencies = (
				31CCFEC42B694F9200022A1E /* PBXTargetDependency */,
			);
			name = WetherAppUITests;
			productName = WetherAppUITests;
			productReference = 31CCFEC22B694F9200022A1E /* WetherAppUITests.xctest */;
			productType = "com.apple.product-type.bundle.ui-testing";
		};
/* End PBXNativeTarget section */

/* Begin PBXProject section */
		31CCFE9A2B694F9100022A1E /* Project object */ = {
			isa = PBXProject;
			attributes = {
				BuildIndependentTargetsInParallel = 1;
				LastSwiftUpdateCheck = 1520;
				LastUpgradeCheck = 1520;
				TargetAttributes = {
					31CCFEA12B694F9100022A1E = {
						CreatedOnToolsVersion = 15.2;
					};
					31CCFEB72B694F9200022A1E = {
						CreatedOnToolsVersion = 15.2;
						TestTargetID = 31CCFEA12B694F9100022A1E;
					};
					31CCFEC12B694F9200022A1E = {
						CreatedOnToolsVersion = 15.2;
						TestTargetID = 31CCFEA12B694F9100022A1E;
					};
				};
			};
			buildConfigurationList = 31CCFE9D2B694F9100022A1E /* Build configuration list for PBXProject "WetherApp" */;
			compatibilityVersion = "Xcode 14.0";
			developmentRegion = en;
			hasScannedForEncodings = 0;
			knownRegions = (
				en,
				Base,
			);
			mainGroup = 31CCFE992B694F9100022A1E;
			productRefGroup = 31CCFEA32B694F9100022A1E /* Products */;
			projectDirPath = "";
			projectRoot = "";
			targets = (
				31CCFEA12B694F9100022A1E /* WetherApp */,
				31CCFEB72B694F9200022A1E /* WetherAppTests */,
				31CCFEC12B694F9200022A1E /* WetherAppUITests */,
			);
		};
/* End PBXProject section */

/* Begin PBXResourcesBuildPhase section */
		31CCFEA02B694F9100022A1E /* Resources */ = {
			isa = PBXResourcesBuildPhase;
			buildActionMask = 2147483647;
			files = (
				31CCFEB22B694F9200022A1E /* LaunchScreen.storyboard in Resources */,
				31CCFEAF2B694F9200022A1E /* Assets.xcassets in Resources */,
				31CCFEAD2B694F9100022A1E /* Main.storyboard in Resources */,
			);
			runOnlyForDeploymentPostprocessing = 0;
		};
		31CCFEB62B694F9200022A1E /* Resources */ = {
			isa = PBXResourcesBuildPhase;
			buildActionMask = 2147483647;
			files = (
			);
			runOnlyForDeploymentPostprocessing = 0;
		};
		31CCFEC02B694F9200022A1E /* Resources */ = {
			isa = PBXResourcesBuildPhase;
			buildActionMask = 2147483647;
			files = (
			);
			runOnlyForDeploymentPostprocessing = 0;
		};
/* End PBXResourcesBuildPhase section */

/* Begin PBXSourcesBuildPhase section */
		31CCFE9E2B694F9100022A1E /* Sources */ = {
			isa = PBXSourcesBuildPhase;
			buildActionMask = 2147483647;
			files = (
				31CCFEAA2B694F9100022A1E /* ViewController.swift in Sources */,
				31CCFEA62B694F9100022A1E /* AppDelegate.swift in Sources */,
				31CCFEA82B694F9100022A1E /* SceneDelegate.swift in Sources */,
			);
			runOnlyForDeploymentPostprocessing = 0;
		};
		31CCFEB42B694F9200022A1E /* Sources */ = {
			isa = PBXSourcesBuildPhase;
			buildActionMask = 2147483647;
			files = (
				31CCFEBD2B694F9200022A1E /* WetherAppTests.swift in Sources */,
			);
			runOnlyForDeploymentPostprocessing = 0;
		};
		31CCFEBE2B694F9200022A1E /* Sources */ = {
			isa = PBXSourcesBuildPhase;
			buildActionMask = 2147483647;
			files = (
				31CCFEC72B694F9200022A1E /* WetherAppUITests.swift in Sources */,
				31CCFEC92B694F9200022A1E /* WetherAppUITestsLaunchTests.swift in Sources */,
			);
			runOnlyForDeploymentPostprocessing = 0;
		};
/* End PBXSourcesBuildPhase section */

/* Begin PBXTargetDependency section */
		31CCFEBA2B694F9200022A1E /* PBXTargetDependency */ = {
			isa = PBXTargetDependency;
			target = 31CCFEA12B694F9100022A1E /* WetherApp */;
			targetProxy = 31CCFEB92B694F9200022A1E /* PBXContainerItemProxy */;
		};
		31CCFEC42B694F9200022A1E /* PBXTargetDependency */ = {
			isa = PBXTargetDependency;
			target = 31CCFEA12B694F9100022A1E /* WetherApp */;
			targetProxy = 31CCFEC32B694F9200022A1E /* PBXContainerItemProxy */;
		};
/* End PBXTargetDependency section */

/* Begin PBXVariantGroup section */
		31CCFEAB2B694F9100022A1E /* Main.storyboard */ = {
			isa = PBXVariantGroup;
			children = (
				31CCFEAC2B694F9100022A1E /* Base */,
			);
			name = Main.storyboard;
			sourceTree = "<group>";
		};
		31CCFEB02B694F9200022A1E /* LaunchScreen.storyboard */ = {
			isa = PBXVariantGroup;
			children = (
				31CCFEB12B694F9200022A1E /* Base */,
			);
			name = LaunchScreen.storyboard;
			sourceTree = "<group>";
		};
/* End PBXVariantGroup section */

/* Begin XCBuildConfiguration section */
		31CCFECA2B694F9200022A1E /* Debug */ = {
			isa = XCBuildConfiguration;
			buildSettings = {
				ALWAYS_SEARCH_USER_PATHS = NO;
				ASSETCATALOG_COMPILER_GENERATE_SWIFT_ASSET_SYMBOL_EXTENSIONS = YES;
				CLANG_ANALYZER_NONNULL = YES;
				CLANG_ANALYZER_NUMBER_OBJECT_CONVERSION = YES_AGGRESSIVE;
				CLANG_CXX_LANGUAGE_STANDARD = "gnu++20";
				CLANG_ENABLE_MODULES = YES;
				CLANG_ENABLE_OBJC_ARC = YES;
				CLANG_ENABLE_OBJC_WEAK = YES;
				CLANG_WARN_BLOCK_CAPTURE_AUTORELEASING = YES;
				CLANG_WARN_BOOL_CONVERSION = YES;
				CLANG_WARN_COMMA = YES;
				CLANG_WARN_CONSTANT_CONVERSION = YES;
				CLANG_WARN_DEPRECATED_OBJC_IMPLEMENTATIONS = YES;
				CLANG_WARN_DIRECT_OBJC_ISA_USAGE = YES_ERROR;
				CLANG_WARN_DOCUMENTATION_COMMENTS = YES;
				CLANG_WARN_EMPTY_BODY = YES;
				CLANG_WARN_ENUM_CONVERSION = YES;
				CLANG_WARN_INFINITE_RECURSION = YES;
				CLANG_WARN_INT_CONVERSION = YES;
				CLANG_WARN_NON_LITERAL_NULL_CONVERSION = YES;
				CLANG_WARN_OBJC_IMPLICIT_RETAIN_SELF = YES;
				CLANG_WARN_OBJC_LITERAL_CONVERSION = YES;
				CLANG_WARN_OBJC_ROOT_CLASS = YES_ERROR;
				CLANG_WARN_QUOTED_INCLUDE_IN_FRAMEWORK_HEADER = YES;
				CLANG_WARN_RANGE_LOOP_ANALYSIS = YES;
				CLANG_WARN_STRICT_PROTOTYPES = YES;
				CLANG_WARN_SUSPICIOUS_MOVE = YES;
				CLANG_WARN_UNGUARDED_AVAILABILITY = YES_AGGRESSIVE;
				CLANG_WARN_UNREACHABLE_CODE = YES;
				CLANG_WARN__DUPLICATE_METHOD_MATCH = YES;
				COPY_PHASE_STRIP = NO;
				DEBUG_INFORMATION_FORMAT = dwarf;
				ENABLE_STRICT_OBJC_MSGSEND = YES;
				ENABLE_TESTABILITY = YES;
				ENABLE_USER_SCRIPT_SANDBOXING = YES;
				GCC_C_LANGUAGE_STANDARD = gnu17;
				GCC_DYNAMIC_NO_PIC = NO;
				GCC_NO_COMMON_BLOCKS = YES;
				GCC_OPTIMIZATION_LEVEL = 0;
				GCC_PREPROCESSOR_DEFINITIONS = (
					"DEBUG=1",
					"$(inherited)",
				);
				GCC_WARN_64_TO_32_BIT_CONVERSION = YES;
				GCC_WARN_ABOUT_RETURN_TYPE = YES_ERROR;
				GCC_WARN_UNDECLARED_SELECTOR = YES;
				GCC_WARN_UNINITIALIZED_AUTOS = YES_AGGRESSIVE;
				GCC_WARN_UNUSED_FUNCTION = YES;
				GCC_WARN_UNUSED_VARIABLE = YES;
				IPHONEOS_DEPLOYMENT_TARGET = 17.2;
				LOCALIZATION_PREFERS_STRING_CATALOGS = YES;
				MTL_ENABLE_DEBUG_INFO = INCLUDE_SOURCE;
				MTL_FAST_MATH = YES;
				ONLY_ACTIVE_ARCH = YES;
				SDKROOT = iphoneos;
				SWIFT_ACTIVE_COMPILATION_CONDITIONS = "DEBUG $(inherited)";
				SWIFT_OPTIMIZATION_LEVEL = "-Onone";
			};
			name = Debug;
		};
		31CCFECB2B694F9200022A1E /* Release */ = {
			isa = XCBuildConfiguration;
			buildSettings = {
				ALWAYS_SEARCH_USER_PATHS = NO;
				ASSETCATALOG_COMPILER_GENERATE_SWIFT_ASSET_SYMBOL_EXTENSIONS = YES;
				CLANG_ANALYZER_NONNULL = YES;
				CLANG_ANALYZER_NUMBER_OBJECT_CONVERSION = YES_AGGRESSIVE;
				CLANG_CXX_LANGUAGE_STANDARD = "gnu++20";
				CLANG_ENABLE_MODULES = YES;
				CLANG_ENABLE_OBJC_ARC = YES;
				CLANG_ENABLE_OBJC_WEAK = YES;
				CLANG_WARN_BLOCK_CAPTURE_AUTORELEASING = YES;
				CLANG_WARN_BOOL_CONVERSION = YES;
				CLANG_WARN_COMMA = YES;
				CLANG_WARN_CONSTANT_CONVERSION = YES;
				CLANG_WARN_DEPRECATED_OBJC_IMPLEMENTATIONS = YES;
				CLANG_WARN_DIRECT_OBJC_ISA_USAGE = YES_ERROR;
				CLANG_WARN_DOCUMENTATION_COMMENTS = YES;
				CLANG_WARN_EMPTY_BODY = YES;
				CLANG_WARN_ENUM_CONVERSION = YES;
				CLANG_WARN_INFINITE_RECURSION = YES;
				CLANG_WARN_INT_CONVERSION = YES;
				CLANG_WARN_NON_LITERAL_NULL_CONVERSION = YES;
				CLANG_WARN_OBJC_IMPLICIT_RETAIN_SELF = YES;
				CLANG_WARN_OBJC_LITERAL_CONVERSION = YES;
				CLANG_WARN_OBJC_ROOT_CLASS = YES_ERROR;
				CLANG_WARN_QUOTED_INCLUDE_IN_FRAMEWORK_HEADER = YES;
				CLANG_WARN_RANGE_LOOP_ANALYSIS = YES;
				CLANG_WARN_STRICT_PROTOTYPES = YES;
				CLANG_WARN_SUSPICIOUS_MOVE = YES;
				CLANG_WARN_UNGUARDED_AVAILABILITY = YES_AGGRESSIVE;
				CLANG_WARN_UNREACHABLE_CODE = YES;
				CLANG_WARN__DUPLICATE_METHOD_MATCH = YES;
				COPY_PHASE_STRIP = NO;
				DEBUG_INFORMATION_FORMAT = "dwarf-with-dsym";
				ENABLE_NS_ASSERTIONS = NO;
				ENABLE_STRICT_OBJC_MSGSEND = YES;
				ENABLE_USER_SCRIPT_SANDBOXING = YES;
				GCC_C_LANGUAGE_STANDARD = gnu17;
				GCC_NO_COMMON_BLOCKS = YES;
				GCC_WARN_64_TO_32_BIT_CONVERSION = YES;
				GCC_WARN_ABOUT_RETURN_TYPE = YES_ERROR;
				GCC_WARN_UNDECLARED_SELECTOR = YES;
				GCC_WARN_UNINITIALIZED_AUTOS = YES_AGGRESSIVE;
				GCC_WARN_UNUSED_FUNCTION = YES;
				GCC_WARN_UNUSED_VARIABLE = YES;
				IPHONEOS_DEPLOYMENT_TARGET = 17.2;
				LOCALIZATION_PREFERS_STRING_CATALOGS = YES;
				MTL_ENABLE_DEBUG_INFO = NO;
				MTL_FAST_MATH = YES;
				SDKROOT = iphoneos;
				SWIFT_COMPILATION_MODE = wholemodule;
				VALIDATE_PRODUCT = YES;
			};
			name = Release;
		};
		31CCFECD2B694F9200022A1E /* Debug */ = {
			isa = XCBuildConfiguration;
			buildSettings = {
				ASSETCATALOG_COMPILER_APPICON_NAME = AppIcon;
				ASSETCATALOG_COMPILER_GLOBAL_ACCENT_COLOR_NAME = AccentColor;
				CODE_SIGN_STYLE = Automatic;
				CURRENT_PROJECT_VERSION = 1;
				GENERATE_INFOPLIST_FILE = YES;
				INFOPLIST_FILE = WetherApp/Info.plist;
				INFOPLIST_KEY_CFBundleDisplayName = WeatherApp;
				INFOPLIST_KEY_UIApplicationSupportsIndirectInputEvents = YES;
				INFOPLIST_KEY_UILaunchStoryboardName = LaunchScreen;
				INFOPLIST_KEY_UIMainStoryboardFile = Main;
				INFOPLIST_KEY_UISupportedInterfaceOrientations_iPad = "UIInterfaceOrientationPortrait UIInterfaceOrientationPortraitUpsideDown UIInterfaceOrientationLandscapeLeft UIInterfaceOrientationLandscapeRight";
				INFOPLIST_KEY_UISupportedInterfaceOrientations_iPhone = "UIInterfaceOrientationPortrait UIInterfaceOrientationLandscapeLeft UIInterfaceOrientationLandscapeRight";
				LD_RUNPATH_SEARCH_PATHS = (
					"$(inherited)",
					"@executable_path/Frameworks",
				);
				MARKETING_VERSION = 1.0;
				PRODUCT_BUNDLE_IDENTIFIER = nwmsu.WetherApp;
				PRODUCT_NAME = "$(TARGET_NAME)";
				SWIFT_EMIT_LOC_STRINGS = YES;
				SWIFT_VERSION = 5.0;
				TARGETED_DEVICE_FAMILY = "1,2";
			};
			name = Debug;
		};
		31CCFECE2B694F9200022A1E /* Release */ = {
			isa = XCBuildConfiguration;
			buildSettings = {
				ASSETCATALOG_COMPILER_APPICON_NAME = AppIcon;
				ASSETCATALOG_COMPILER_GLOBAL_ACCENT_COLOR_NAME = AccentColor;
				CODE_SIGN_STYLE = Automatic;
				CURRENT_PROJECT_VERSION = 1;
				GENERATE_INFOPLIST_FILE = YES;
				INFOPLIST_FILE = WetherApp/Info.plist;
				INFOPLIST_KEY_CFBundleDisplayName = WeatherApp;
				INFOPLIST_KEY_UIApplicationSupportsIndirectInputEvents = YES;
				INFOPLIST_KEY_UILaunchStoryboardName = LaunchScreen;
				INFOPLIST_KEY_UIMainStoryboardFile = Main;
				INFOPLIST_KEY_UISupportedInterfaceOrientations_iPad = "UIInterfaceOrientationPortrait UIInterfaceOrientationPortraitUpsideDown UIInterfaceOrientationLandscapeLeft UIInterfaceOrientationLandscapeRight";
				INFOPLIST_KEY_UISupportedInterfaceOrientations_iPhone = "UIInterfaceOrientationPortrait UIInterfaceOrientationLandscapeLeft UIInterfaceOrientationLandscapeRight";
				LD_RUNPATH_SEARCH_PATHS = (
					"$(inherited)",
					"@executable_path/Frameworks",
				);
				MARKETING_VERSION = 1.0;
				PRODUCT_BUNDLE_IDENTIFIER = nwmsu.WetherApp;
				PRODUCT_NAME = "$(TARGET_NAME)";
				SWIFT_EMIT_LOC_STRINGS = YES;
				SWIFT_VERSION = 5.0;
				TARGETED_DEVICE_FAMILY = "1,2";
			};
			name = Release;
		};
		31CCFED02B694F9200022A1E /* Debug */ = {
			isa = XCBuildConfiguration;
			buildSettings = {
				ALWAYS_EMBED_SWIFT_STANDARD_LIBRARIES = YES;
				BUNDLE_LOADER = "$(TEST_HOST)";
				CODE_SIGN_STYLE = Automatic;
				CURRENT_PROJECT_VERSION = 1;
				GENERATE_INFOPLIST_FILE = YES;
				IPHONEOS_DEPLOYMENT_TARGET = 17.2;
				MARKETING_VERSION = 1.0;
				PRODUCT_BUNDLE_IDENTIFIER = nwmsu.WetherAppTests;
				PRODUCT_NAME = "$(TARGET_NAME)";
				SWIFT_EMIT_LOC_STRINGS = NO;
				SWIFT_VERSION = 5.0;
				TARGETED_DEVICE_FAMILY = "1,2";
				TEST_HOST = "$(BUILT_PRODUCTS_DIR)/WetherApp.app/$(BUNDLE_EXECUTABLE_FOLDER_PATH)/WetherApp";
			};
			name = Debug;
		};
		31CCFED12B694F9200022A1E /* Release */ = {
			isa = XCBuildConfiguration;
			buildSettings = {
				ALWAYS_EMBED_SWIFT_STANDARD_LIBRARIES = YES;
				BUNDLE_LOADER = "$(TEST_HOST)";
				CODE_SIGN_STYLE = Automatic;
				CURRENT_PROJECT_VERSION = 1;
				GENERATE_INFOPLIST_FILE = YES;
				IPHONEOS_DEPLOYMENT_TARGET = 17.2;
				MARKETING_VERSION = 1.0;
				PRODUCT_BUNDLE_IDENTIFIER = nwmsu.WetherAppTests;
				PRODUCT_NAME = "$(TARGET_NAME)";
				SWIFT_EMIT_LOC_STRINGS = NO;
				SWIFT_VERSION = 5.0;
				TARGETED_DEVICE_FAMILY = "1,2";
				TEST_HOST = "$(BUILT_PRODUCTS_DIR)/WetherApp.app/$(BUNDLE_EXECUTABLE_FOLDER_PATH)/WetherApp";
			};
			name = Release;
		};
		31CCFED32B694F9200022A1E /* Debug */ = {
			isa = XCBuildConfiguration;
			buildSettings = {
				ALWAYS_EMBED_SWIFT_STANDARD_LIBRARIES = YES;
				CODE_SIGN_STYLE = Automatic;
				CURRENT_PROJECT_VERSION = 1;
				GENERATE_INFOPLIST_FILE = YES;
				MARKETING_VERSION = 1.0;
				PRODUCT_BUNDLE_IDENTIFIER = nwmsu.WetherAppUITests;
				PRODUCT_NAME = "$(TARGET_NAME)";
				SWIFT_EMIT_LOC_STRINGS = NO;
				SWIFT_VERSION = 5.0;
				TARGETED_DEVICE_FAMILY = "1,2";
				TEST_TARGET_NAME = WetherApp;
			};
			name = Debug;
		};
		31CCFED42B694F9200022A1E /* Release */ = {
			isa = XCBuildConfiguration;
			buildSettings = {
				ALWAYS_EMBED_SWIFT_STANDARD_LIBRARIES = YES;
				CODE_SIGN_STYLE = Automatic;
				CURRENT_PROJECT_VERSION = 1;
				GENERATE_INFOPLIST_FILE = YES;
				MARKETING_VERSION = 1.0;
				PRODUCT_BUNDLE_IDENTIFIER = nwmsu.WetherAppUITests;
				PRODUCT_NAME = "$(TARGET_NAME)";
				SWIFT_EMIT_LOC_STRINGS = NO;
				SWIFT_VERSION = 5.0;
				TARGETED_DEVICE_FAMILY = "1,2";
				TEST_TARGET_NAME = WetherApp;
			};
			name = Release;
		};
/* End XCBuildConfiguration section */

/* Begin XCConfigurationList section */
		31CCFE9D2B694F9100022A1E /* Build configuration list for PBXProject "WetherApp" */ = {
			isa = XCConfigurationList;
			buildConfigurations = (
				31CCFECA2B694F9200022A1E /* Debug */,
				31CCFECB2B694F9200022A1E /* Release */,
			);
			defaultConfigurationIsVisible = 0;
			defaultConfigurationName = Release;
		};
		31CCFECC2B694F9200022A1E /* Build configuration list for PBXNativeTarget "WetherApp" */ = {
			isa = XCConfigurationList;
			buildConfigurations = (
				31CCFECD2B694F9200022A1E /* Debug */,
				31CCFECE2B694F9200022A1E /* Release */,
			);
			defaultConfigurationIsVisible = 0;
			defaultConfigurationName = Release;
		};
		31CCFECF2B694F9200022A1E /* Build configuration list for PBXNativeTarget "WetherAppTests" */ = {
			isa = XCConfigurationList;
			buildConfigurations = (
				31CCFED02B694F9200022A1E /* Debug */,
				31CCFED12B694F9200022A1E /* Release */,
			);
			defaultConfigurationIsVisible = 0;
			defaultConfigurationName = Release;
		};
		31CCFED22B694F9200022A1E /* Build configuration list for PBXNativeTarget "WetherAppUITests" */ = {
			isa = XCConfigurationList;
			buildConfigurations = (
				31CCFED32B694F9200022A1E /* Debug */,
				31CCFED42B694F9200022A1E /* Release */,
			);
			defaultConfigurationIsVisible = 0;
			defaultConfigurationName = Release;
		};
/* End XCConfigurationList section */
	};
	rootObject = 31CCFE9A2B694F9100022A1E /* Project object */;
}
