// !$*UTF8*$!
{
	archiveVersion = 1;
	classes = {
	};
	objectVersion = 56;
	objects = {

/* Begin PBXBuildFile section */
		312A46A92B62C05A004E07B2 /* AppDelegate.swift in Sources */ = {isa = PBXBuildFile; fileRef = 312A46A82B62C05A004E07B2 /* AppDelegate.swift */; };
		312A46AB2B62C05A004E07B2 /* SceneDelegate.swift in Sources */ = {isa = PBXBuildFile; fileRef = 312A46AA2B62C05A004E07B2 /* SceneDelegate.swift */; };
		312A46AD2B62C05A004E07B2 /* ViewController.swift in Sources */ = {isa = PBXBuildFile; fileRef = 312A46AC2B62C05A004E07B2 /* ViewController.swift */; };
		312A46B02B62C05A004E07B2 /* Main.storyboard in Resources */ = {isa = PBXBuildFile; fileRef = 312A46AE2B62C05A004E07B2 /* Main.storyboard */; };
		312A46B22B62C05A004E07B2 /* Assets.xcassets in Resources */ = {isa = PBXBuildFile; fileRef = 312A46B12B62C05A004E07B2 /* Assets.xcassets */; };
		312A46B52B62C05A004E07B2 /* LaunchScreen.storyboard in Resources */ = {isa = PBXBuildFile; fileRef = 312A46B32B62C05A004E07B2 /* LaunchScreen.storyboard */; };
		312A46C02B62C05A004E07B2 /* TemperatureIndicatorTests.swift in Sources */ = {isa = PBXBuildFile; fileRef = 312A46BF2B62C05A004E07B2 /* TemperatureIndicatorTests.swift */; };
		312A46CA2B62C05A004E07B2 /* TemperatureIndicatorUITests.swift in Sources */ = {isa = PBXBuildFile; fileRef = 312A46C92B62C05A004E07B2 /* TemperatureIndicatorUITests.swift */; };
		312A46CC2B62C05A004E07B2 /* TemperatureIndicatorUITestsLaunchTests.swift in Sources */ = {isa = PBXBuildFile; fileRef = 312A46CB2B62C05A004E07B2 /* TemperatureIndicatorUITestsLaunchTests.swift */; };
/* End PBXBuildFile section */

/* Begin PBXContainerItemProxy section */
		312A46BC2B62C05A004E07B2 /* PBXContainerItemProxy */ = {
			isa = PBXContainerItemProxy;
			containerPortal = 312A469D2B62C05A004E07B2 /* Project object */;
			proxyType = 1;
			remoteGlobalIDString = 312A46A42B62C05A004E07B2;
			remoteInfo = TemperatureIndicator;
		};
		312A46C62B62C05A004E07B2 /* PBXContainerItemProxy */ = {
			isa = PBXContainerItemProxy;
			containerPortal = 312A469D2B62C05A004E07B2 /* Project object */;
			proxyType = 1;
			remoteGlobalIDString = 312A46A42B62C05A004E07B2;
			remoteInfo = TemperatureIndicator;
		};
/* End PBXContainerItemProxy section */

/* Begin PBXFileReference section */
		312A46A52B62C05A004E07B2 /* TemperatureIndicator.app */ = {isa = PBXFileReference; explicitFileType = wrapper.application; includeInIndex = 0; path = TemperatureIndicator.app; sourceTree = BUILT_PRODUCTS_DIR; };
		312A46A82B62C05A004E07B2 /* AppDelegate.swift */ = {isa = PBXFileReference; lastKnownFileType = sourcecode.swift; path = AppDelegate.swift; sourceTree = "<group>"; };
		312A46AA2B62C05A004E07B2 /* SceneDelegate.swift */ = {isa = PBXFileReference; lastKnownFileType = sourcecode.swift; path = SceneDelegate.swift; sourceTree = "<group>"; };
		312A46AC2B62C05A004E07B2 /* ViewController.swift */ = {isa = PBXFileReference; lastKnownFileType = sourcecode.swift; path = ViewController.swift; sourceTree = "<group>"; };
		312A46AF2B62C05A004E07B2 /* Base */ = {isa = PBXFileReference; lastKnownFileType = file.storyboard; name = Base; path = Base.lproj/Main.storyboard; sourceTree = "<group>"; };
		312A46B12B62C05A004E07B2 /* Assets.xcassets */ = {isa = PBXFileReference; lastKnownFileType = folder.assetcatalog; path = Assets.xcassets; sourceTree = "<group>"; };
		312A46B42B62C05A004E07B2 /* Base */ = {isa = PBXFileReference; lastKnownFileType = file.storyboard; name = Base; path = Base.lproj/LaunchScreen.storyboard; sourceTree = "<group>"; };
		312A46B62B62C05A004E07B2 /* Info.plist */ = {isa = PBXFileReference; lastKnownFileType = text.plist.xml; path = Info.plist; sourceTree = "<group>"; };
		312A46BB2B62C05A004E07B2 /* TemperatureIndicatorTests.xctest */ = {isa = PBXFileReference; explicitFileType = wrapper.cfbundle; includeInIndex = 0; path = TemperatureIndicatorTests.xctest; sourceTree = BUILT_PRODUCTS_DIR; };
		312A46BF2B62C05A004E07B2 /* TemperatureIndicatorTests.swift */ = {isa = PBXFileReference; lastKnownFileType = sourcecode.swift; path = TemperatureIndicatorTests.swift; sourceTree = "<group>"; };
		312A46C52B62C05A004E07B2 /* TemperatureIndicatorUITests.xctest */ = {isa = PBXFileReference; explicitFileType = wrapper.cfbundle; includeInIndex = 0; path = TemperatureIndicatorUITests.xctest; sourceTree = BUILT_PRODUCTS_DIR; };
		312A46C92B62C05A004E07B2 /* TemperatureIndicatorUITests.swift */ = {isa = PBXFileReference; lastKnownFileType = sourcecode.swift; path = TemperatureIndicatorUITests.swift; sourceTree = "<group>"; };
		312A46CB2B62C05A004E07B2 /* TemperatureIndicatorUITestsLaunchTests.swift */ = {isa = PBXFileReference; lastKnownFileType = sourcecode.swift; path = TemperatureIndicatorUITestsLaunchTests.swift; sourceTree = "<group>"; };
/* End PBXFileReference section */

/* Begin PBXFrameworksBuildPhase section */
		312A46A22B62C05A004E07B2 /* Frameworks */ = {
			isa = PBXFrameworksBuildPhase;
			buildActionMask = 2147483647;
			files = (
			);
			runOnlyForDeploymentPostprocessing = 0;
		};
		312A46B82B62C05A004E07B2 /* Frameworks */ = {
			isa = PBXFrameworksBuildPhase;
			buildActionMask = 2147483647;
			files = (
			);
			runOnlyForDeploymentPostprocessing = 0;
		};
		312A46C22B62C05A004E07B2 /* Frameworks */ = {
			isa = PBXFrameworksBuildPhase;
			buildActionMask = 2147483647;
			files = (
			);
			runOnlyForDeploymentPostprocessing = 0;
		};
/* End PBXFrameworksBuildPhase section */

/* Begin PBXGroup section */
		312A469C2B62C05A004E07B2 = {
			isa = PBXGroup;
			children = (
				312A46A72B62C05A004E07B2 /* TemperatureIndicator */,
				312A46BE2B62C05A004E07B2 /* TemperatureIndicatorTests */,
				312A46C82B62C05A004E07B2 /* TemperatureIndicatorUITests */,
				312A46A62B62C05A004E07B2 /* Products */,
			);
			sourceTree = "<group>";
		};
		312A46A62B62C05A004E07B2 /* Products */ = {
			isa = PBXGroup;
			children = (
				312A46A52B62C05A004E07B2 /* TemperatureIndicator.app */,
				312A46BB2B62C05A004E07B2 /* TemperatureIndicatorTests.xctest */,
				312A46C52B62C05A004E07B2 /* TemperatureIndicatorUITests.xctest */,
			);
			name = Products;
			sourceTree = "<group>";
		};
		312A46A72B62C05A004E07B2 /* TemperatureIndicator */ = {
			isa = PBXGroup;
			children = (
				312A46A82B62C05A004E07B2 /* AppDelegate.swift */,
				312A46AA2B62C05A004E07B2 /* SceneDelegate.swift */,
				312A46AC2B62C05A004E07B2 /* ViewController.swift */,
				312A46AE2B62C05A004E07B2 /* Main.storyboard */,
				312A46B12B62C05A004E07B2 /* Assets.xcassets */,
				312A46B32B62C05A004E07B2 /* LaunchScreen.storyboard */,
				312A46B62B62C05A004E07B2 /* Info.plist */,
			);
			path = TemperatureIndicator;
			sourceTree = "<group>";
		};
		312A46BE2B62C05A004E07B2 /* TemperatureIndicatorTests */ = {
			isa = PBXGroup;
			children = (
				312A46BF2B62C05A004E07B2 /* TemperatureIndicatorTests.swift */,
			);
			path = TemperatureIndicatorTests;
			sourceTree = "<group>";
		};
		312A46C82B62C05A004E07B2 /* TemperatureIndicatorUITests */ = {
			isa = PBXGroup;
			children = (
				312A46C92B62C05A004E07B2 /* TemperatureIndicatorUITests.swift */,
				312A46CB2B62C05A004E07B2 /* TemperatureIndicatorUITestsLaunchTests.swift */,
			);
			path = TemperatureIndicatorUITests;
			sourceTree = "<group>";
		};
/* End PBXGroup section */

/* Begin PBXNativeTarget section */
		312A46A42B62C05A004E07B2 /* TemperatureIndicator */ = {
			isa = PBXNativeTarget;
			buildConfigurationList = 312A46CF2B62C05A004E07B2 /* Build configuration list for PBXNativeTarget "TemperatureIndicator" */;
			buildPhases = (
				312A46A12B62C05A004E07B2 /* Sources */,
				312A46A22B62C05A004E07B2 /* Frameworks */,
				312A46A32B62C05A004E07B2 /* Resources */,
			);
			buildRules = (
			);
			dependencies = (
			);
			name = TemperatureIndicator;
			productName = TemperatureIndicator;
			productReference = 312A46A52B62C05A004E07B2 /* TemperatureIndicator.app */;
			productType = "com.apple.product-type.application";
		};
		312A46BA2B62C05A004E07B2 /* TemperatureIndicatorTests */ = {
			isa = PBXNativeTarget;
			buildConfigurationList = 312A46D22B62C05A004E07B2 /* Build configuration list for PBXNativeTarget "TemperatureIndicatorTests" */;
			buildPhases = (
				312A46B72B62C05A004E07B2 /* Sources */,
				312A46B82B62C05A004E07B2 /* Frameworks */,
				312A46B92B62C05A004E07B2 /* Resources */,
			);
			buildRules = (
			);
			dependencies = (
				312A46BD2B62C05A004E07B2 /* PBXTargetDependency */,
			);
			name = TemperatureIndicatorTests;
			productName = TemperatureIndicatorTests;
			productReference = 312A46BB2B62C05A004E07B2 /* TemperatureIndicatorTests.xctest */;
			productType = "com.apple.product-type.bundle.unit-test";
		};
		312A46C42B62C05A004E07B2 /* TemperatureIndicatorUITests */ = {
			isa = PBXNativeTarget;
			buildConfigurationList = 312A46D52B62C05A004E07B2 /* Build configuration list for PBXNativeTarget "TemperatureIndicatorUITests" */;
			buildPhases = (
				312A46C12B62C05A004E07B2 /* Sources */,
				312A46C22B62C05A004E07B2 /* Frameworks */,
				312A46C32B62C05A004E07B2 /* Resources */,
			);
			buildRules = (
			);
			dependencies = (
				312A46C72B62C05A004E07B2 /* PBXTargetDependency */,
			);
			name = TemperatureIndicatorUITests;
			productName = TemperatureIndicatorUITests;
			productReference = 312A46C52B62C05A004E07B2 /* TemperatureIndicatorUITests.xctest */;
			productType = "com.apple.product-type.bundle.ui-testing";
		};
/* End PBXNativeTarget section */

/* Begin PBXProject section */
		312A469D2B62C05A004E07B2 /* Project object */ = {
			isa = PBXProject;
			attributes = {
				BuildIndependentTargetsInParallel = 1;
				LastSwiftUpdateCheck = 1430;
				LastUpgradeCheck = 1430;
				TargetAttributes = {
					312A46A42B62C05A004E07B2 = {
						CreatedOnToolsVersion = 14.3.1;
					};
					312A46BA2B62C05A004E07B2 = {
						CreatedOnToolsVersion = 14.3.1;
						TestTargetID = 312A46A42B62C05A004E07B2;
					};
					312A46C42B62C05A004E07B2 = {
						CreatedOnToolsVersion = 14.3.1;
						TestTargetID = 312A46A42B62C05A004E07B2;
					};
				};
			};
			buildConfigurationList = 312A46A02B62C05A004E07B2 /* Build configuration list for PBXProject "TemperatureIndicator" */;
			compatibilityVersion = "Xcode 14.0";
			developmentRegion = en;
			hasScannedForEncodings = 0;
			knownRegions = (
				en,
				Base,
			);
			mainGroup = 312A469C2B62C05A004E07B2;
			productRefGroup = 312A46A62B62C05A004E07B2 /* Products */;
			projectDirPath = "";
			projectRoot = "";
			targets = (
				312A46A42B62C05A004E07B2 /* TemperatureIndicator */,
				312A46BA2B62C05A004E07B2 /* TemperatureIndicatorTests */,
				312A46C42B62C05A004E07B2 /* TemperatureIndicatorUITests */,
			);
		};
/* End PBXProject section */

/* Begin PBXResourcesBuildPhase section */
		312A46A32B62C05A004E07B2 /* Resources */ = {
			isa = PBXResourcesBuildPhase;
			buildActionMask = 2147483647;
			files = (
				312A46B52B62C05A004E07B2 /* LaunchScreen.storyboard in Resources */,
				312A46B22B62C05A004E07B2 /* Assets.xcassets in Resources */,
				312A46B02B62C05A004E07B2 /* Main.storyboard in Resources */,
			);
			runOnlyForDeploymentPostprocessing = 0;
		};
		312A46B92B62C05A004E07B2 /* Resources */ = {
			isa = PBXResourcesBuildPhase;
			buildActionMask = 2147483647;
			files = (
			);
			runOnlyForDeploymentPostprocessing = 0;
		};
		312A46C32B62C05A004E07B2 /* Resources */ = {
			isa = PBXResourcesBuildPhase;
			buildActionMask = 2147483647;
			files = (
			);
			runOnlyForDeploymentPostprocessing = 0;
		};
/* End PBXResourcesBuildPhase section */

/* Begin PBXSourcesBuildPhase section */
		312A46A12B62C05A004E07B2 /* Sources */ = {
			isa = PBXSourcesBuildPhase;
			buildActionMask = 2147483647;
			files = (
				312A46AD2B62C05A004E07B2 /* ViewController.swift in Sources */,
				312A46A92B62C05A004E07B2 /* AppDelegate.swift in Sources */,
				312A46AB2B62C05A004E07B2 /* SceneDelegate.swift in Sources */,
			);
			runOnlyForDeploymentPostprocessing = 0;
		};
		312A46B72B62C05A004E07B2 /* Sources */ = {
			isa = PBXSourcesBuildPhase;
			buildActionMask = 2147483647;
			files = (
				312A46C02B62C05A004E07B2 /* TemperatureIndicatorTests.swift in Sources */,
			);
			runOnlyForDeploymentPostprocessing = 0;
		};
		312A46C12B62C05A004E07B2 /* Sources */ = {
			isa = PBXSourcesBuildPhase;
			buildActionMask = 2147483647;
			files = (
				312A46CA2B62C05A004E07B2 /* TemperatureIndicatorUITests.swift in Sources */,
				312A46CC2B62C05A004E07B2 /* TemperatureIndicatorUITestsLaunchTests.swift in Sources */,
			);
			runOnlyForDeploymentPostprocessing = 0;
		};
/* End PBXSourcesBuildPhase section */

/* Begin PBXTargetDependency section */
		312A46BD2B62C05A004E07B2 /* PBXTargetDependency */ = {
			isa = PBXTargetDependency;
			target = 312A46A42B62C05A004E07B2 /* TemperatureIndicator */;
			targetProxy = 312A46BC2B62C05A004E07B2 /* PBXContainerItemProxy */;
		};
		312A46C72B62C05A004E07B2 /* PBXTargetDependency */ = {
			isa = PBXTargetDependency;
			target = 312A46A42B62C05A004E07B2 /* TemperatureIndicator */;
			targetProxy = 312A46C62B62C05A004E07B2 /* PBXContainerItemProxy */;
		};
/* End PBXTargetDependency section */

/* Begin PBXVariantGroup section */
		312A46AE2B62C05A004E07B2 /* Main.storyboard */ = {
			isa = PBXVariantGroup;
			children = (
				312A46AF2B62C05A004E07B2 /* Base */,
			);
			name = Main.storyboard;
			sourceTree = "<group>";
		};
		312A46B32B62C05A004E07B2 /* LaunchScreen.storyboard */ = {
			isa = PBXVariantGroup;
			children = (
				312A46B42B62C05A004E07B2 /* Base */,
			);
			name = LaunchScreen.storyboard;
			sourceTree = "<group>";
		};
/* End PBXVariantGroup section */

/* Begin XCBuildConfiguration section */
		312A46CD2B62C05A004E07B2 /* Debug */ = {
			isa = XCBuildConfiguration;
			buildSettings = {
				ALWAYS_SEARCH_USER_PATHS = NO;
				CLANG_ANALYZER_NONNULL = YES;
				CLANG_ANALYZER_NUMBER_OBJECT_CONVERSION = YES_AGGRESSIVE;
				CLANG_CXX_LANGUAGE_STANDARD = "gnu++20";
				CLANG_ENABLE_MODULES = YES;
				CLANG_ENABLE_OBJC_ARC = YES;
				CLANG_ENABLE_OBJC_WEAK = YES;
				CLANG_WARN_BLOCK_CAPTURE_AUTORELEASING = YES;
				CLANG_WARN_BOOL_CONVERSION = YES;
				CLANG_WARN_COMMA = YES;
				CLANG_WARN_CONSTANT_CONVERSION = YES;
				CLANG_WARN_DEPRECATED_OBJC_IMPLEMENTATIONS = YES;
				CLANG_WARN_DIRECT_OBJC_ISA_USAGE = YES_ERROR;
				CLANG_WARN_DOCUMENTATION_COMMENTS = YES;
				CLANG_WARN_EMPTY_BODY = YES;
				CLANG_WARN_ENUM_CONVERSION = YES;
				CLANG_WARN_INFINITE_RECURSION = YES;
				CLANG_WARN_INT_CONVERSION = YES;
				CLANG_WARN_NON_LITERAL_NULL_CONVERSION = YES;
				CLANG_WARN_OBJC_IMPLICIT_RETAIN_SELF = YES;
				CLANG_WARN_OBJC_LITERAL_CONVERSION = YES;
				CLANG_WARN_OBJC_ROOT_CLASS = YES_ERROR;
				CLANG_WARN_QUOTED_INCLUDE_IN_FRAMEWORK_HEADER = YES;
				CLANG_WARN_RANGE_LOOP_ANALYSIS = YES;
				CLANG_WARN_STRICT_PROTOTYPES = YES;
				CLANG_WARN_SUSPICIOUS_MOVE = YES;
				CLANG_WARN_UNGUARDED_AVAILABILITY = YES_AGGRESSIVE;
				CLANG_WARN_UNREACHABLE_CODE = YES;
				CLANG_WARN__DUPLICATE_METHOD_MATCH = YES;
				COPY_PHASE_STRIP = NO;
				DEBUG_INFORMATION_FORMAT = dwarf;
				ENABLE_STRICT_OBJC_MSGSEND = YES;
				ENABLE_TESTABILITY = YES;
				GCC_C_LANGUAGE_STANDARD = gnu11;
				GCC_DYNAMIC_NO_PIC = NO;
				GCC_NO_COMMON_BLOCKS = YES;
				GCC_OPTIMIZATION_LEVEL = 0;
				GCC_PREPROCESSOR_DEFINITIONS = (
					"DEBUG=1",
					"$(inherited)",
				);
				GCC_WARN_64_TO_32_BIT_CONVERSION = YES;
				GCC_WARN_ABOUT_RETURN_TYPE = YES_ERROR;
				GCC_WARN_UNDECLARED_SELECTOR = YES;
				GCC_WARN_UNINITIALIZED_AUTOS = YES_AGGRESSIVE;
				GCC_WARN_UNUSED_FUNCTION = YES;
				GCC_WARN_UNUSED_VARIABLE = YES;
				IPHONEOS_DEPLOYMENT_TARGET = 16.4;
				MTL_ENABLE_DEBUG_INFO = INCLUDE_SOURCE;
				MTL_FAST_MATH = YES;
				ONLY_ACTIVE_ARCH = YES;
				SDKROOT = iphoneos;
				SWIFT_ACTIVE_COMPILATION_CONDITIONS = DEBUG;
				SWIFT_OPTIMIZATION_LEVEL = "-Onone";
			};
			name = Debug;
		};
		312A46CE2B62C05A004E07B2 /* Release */ = {
			isa = XCBuildConfiguration;
			buildSettings = {
				ALWAYS_SEARCH_USER_PATHS = NO;
				CLANG_ANALYZER_NONNULL = YES;
				CLANG_ANALYZER_NUMBER_OBJECT_CONVERSION = YES_AGGRESSIVE;
				CLANG_CXX_LANGUAGE_STANDARD = "gnu++20";
				CLANG_ENABLE_MODULES = YES;
				CLANG_ENABLE_OBJC_ARC = YES;
				CLANG_ENABLE_OBJC_WEAK = YES;
				CLANG_WARN_BLOCK_CAPTURE_AUTORELEASING = YES;
				CLANG_WARN_BOOL_CONVERSION = YES;
				CLANG_WARN_COMMA = YES;
				CLANG_WARN_CONSTANT_CONVERSION = YES;
				CLANG_WARN_DEPRECATED_OBJC_IMPLEMENTATIONS = YES;
				CLANG_WARN_DIRECT_OBJC_ISA_USAGE = YES_ERROR;
				CLANG_WARN_DOCUMENTATION_COMMENTS = YES;
				CLANG_WARN_EMPTY_BODY = YES;
				CLANG_WARN_ENUM_CONVERSION = YES;
				CLANG_WARN_INFINITE_RECURSION = YES;
				CLANG_WARN_INT_CONVERSION = YES;
				CLANG_WARN_NON_LITERAL_NULL_CONVERSION = YES;
				CLANG_WARN_OBJC_IMPLICIT_RETAIN_SELF = YES;
				CLANG_WARN_OBJC_LITERAL_CONVERSION = YES;
				CLANG_WARN_OBJC_ROOT_CLASS = YES_ERROR;
				CLANG_WARN_QUOTED_INCLUDE_IN_FRAMEWORK_HEADER = YES;
				CLANG_WARN_RANGE_LOOP_ANALYSIS = YES;
				CLANG_WARN_STRICT_PROTOTYPES = YES;
				CLANG_WARN_SUSPICIOUS_MOVE = YES;
				CLANG_WARN_UNGUARDED_AVAILABILITY = YES_AGGRESSIVE;
				CLANG_WARN_UNREACHABLE_CODE = YES;
				CLANG_WARN__DUPLICATE_METHOD_MATCH = YES;
				COPY_PHASE_STRIP = NO;
				DEBUG_INFORMATION_FORMAT = "dwarf-with-dsym";
				ENABLE_NS_ASSERTIONS = NO;
				ENABLE_STRICT_OBJC_MSGSEND = YES;
				GCC_C_LANGUAGE_STANDARD = gnu11;
				GCC_NO_COMMON_BLOCKS = YES;
				GCC_WARN_64_TO_32_BIT_CONVERSION = YES;
				GCC_WARN_ABOUT_RETURN_TYPE = YES_ERROR;
				GCC_WARN_UNDECLARED_SELECTOR = YES;
				GCC_WARN_UNINITIALIZED_AUTOS = YES_AGGRESSIVE;
				GCC_WARN_UNUSED_FUNCTION = YES;
				GCC_WARN_UNUSED_VARIABLE = YES;
				IPHONEOS_DEPLOYMENT_TARGET = 16.4;
				MTL_ENABLE_DEBUG_INFO = NO;
				MTL_FAST_MATH = YES;
				SDKROOT = iphoneos;
				SWIFT_COMPILATION_MODE = wholemodule;
				SWIFT_OPTIMIZATION_LEVEL = "-O";
				VALIDATE_PRODUCT = YES;
			};
			name = Release;
		};
		312A46D02B62C05A004E07B2 /* Debug */ = {
			isa = XCBuildConfiguration;
			buildSettings = {
				ASSETCATALOG_COMPILER_APPICON_NAME = AppIcon;
				ASSETCATALOG_COMPILER_GLOBAL_ACCENT_COLOR_NAME = AccentColor;
				CODE_SIGN_STYLE = Automatic;
				CURRENT_PROJECT_VERSION = 1;
				GENERATE_INFOPLIST_FILE = YES;
				INFOPLIST_FILE = TemperatureIndicator/Info.plist;
				INFOPLIST_KEY_CFBundleDisplayName = TemperatureIndicator;
				INFOPLIST_KEY_UIApplicationSupportsIndirectInputEvents = YES;
				INFOPLIST_KEY_UILaunchStoryboardName = LaunchScreen;
				INFOPLIST_KEY_UIMainStoryboardFile = Main;
				INFOPLIST_KEY_UISupportedInterfaceOrientations_iPad = "UIInterfaceOrientationPortrait UIInterfaceOrientationPortraitUpsideDown UIInterfaceOrientationLandscapeLeft UIInterfaceOrientationLandscapeRight";
				INFOPLIST_KEY_UISupportedInterfaceOrientations_iPhone = "UIInterfaceOrientationPortrait UIInterfaceOrientationLandscapeLeft UIInterfaceOrientationLandscapeRight";
				LD_RUNPATH_SEARCH_PATHS = (
					"$(inherited)",
					"@executable_path/Frameworks",
				);
				MARKETING_VERSION = 1.0;
				PRODUCT_BUNDLE_IDENTIFIER = nwmsu.TemperatureIndicator;
				PRODUCT_NAME = "$(TARGET_NAME)";
				SWIFT_EMIT_LOC_STRINGS = YES;
				SWIFT_VERSION = 5.0;
				TARGETED_DEVICE_FAMILY = "1,2";
			};
			name = Debug;
		};
		312A46D12B62C05A004E07B2 /* Release */ = {
			isa = XCBuildConfiguration;
			buildSettings = {
				ASSETCATALOG_COMPILER_APPICON_NAME = AppIcon;
				ASSETCATALOG_COMPILER_GLOBAL_ACCENT_COLOR_NAME = AccentColor;
				CODE_SIGN_STYLE = Automatic;
				CURRENT_PROJECT_VERSION = 1;
				GENERATE_INFOPLIST_FILE = YES;
				INFOPLIST_FILE = TemperatureIndicator/Info.plist;
				INFOPLIST_KEY_CFBundleDisplayName = TemperatureIndicator;
				INFOPLIST_KEY_UIApplicationSupportsIndirectInputEvents = YES;
				INFOPLIST_KEY_UILaunchStoryboardName = LaunchScreen;
				INFOPLIST_KEY_UIMainStoryboardFile = Main;
				INFOPLIST_KEY_UISupportedInterfaceOrientations_iPad = "UIInterfaceOrientationPortrait UIInterfaceOrientationPortraitUpsideDown UIInterfaceOrientationLandscapeLeft UIInterfaceOrientationLandscapeRight";
				INFOPLIST_KEY_UISupportedInterfaceOrientations_iPhone = "UIInterfaceOrientationPortrait UIInterfaceOrientationLandscapeLeft UIInterfaceOrientationLandscapeRight";
				LD_RUNPATH_SEARCH_PATHS = (
					"$(inherited)",
					"@executable_path/Frameworks",
				);
				MARKETING_VERSION = 1.0;
				PRODUCT_BUNDLE_IDENTIFIER = nwmsu.TemperatureIndicator;
				PRODUCT_NAME = "$(TARGET_NAME)";
				SWIFT_EMIT_LOC_STRINGS = YES;
				SWIFT_VERSION = 5.0;
				TARGETED_DEVICE_FAMILY = "1,2";
			};
			name = Release;
		};
		312A46D32B62C05A004E07B2 /* Debug */ = {
			isa = XCBuildConfiguration;
			buildSettings = {
				ALWAYS_EMBED_SWIFT_STANDARD_LIBRARIES = YES;
				BUNDLE_LOADER = "$(TEST_HOST)";
				CODE_SIGN_STYLE = Automatic;
				CURRENT_PROJECT_VERSION = 1;
				GENERATE_INFOPLIST_FILE = YES;
				IPHONEOS_DEPLOYMENT_TARGET = 16.4;
				MARKETING_VERSION = 1.0;
				PRODUCT_BUNDLE_IDENTIFIER = nwmsu.TemperatureIndicatorTests;
				PRODUCT_NAME = "$(TARGET_NAME)";
				SWIFT_EMIT_LOC_STRINGS = NO;
				SWIFT_VERSION = 5.0;
				TARGETED_DEVICE_FAMILY = "1,2";
				TEST_HOST = "$(BUILT_PRODUCTS_DIR)/TemperatureIndicator.app/$(BUNDLE_EXECUTABLE_FOLDER_PATH)/TemperatureIndicator";
			};
			name = Debug;
		};
		312A46D42B62C05A004E07B2 /* Release */ = {
			isa = XCBuildConfiguration;
			buildSettings = {
				ALWAYS_EMBED_SWIFT_STANDARD_LIBRARIES = YES;
				BUNDLE_LOADER = "$(TEST_HOST)";
				CODE_SIGN_STYLE = Automatic;
				CURRENT_PROJECT_VERSION = 1;
				GENERATE_INFOPLIST_FILE = YES;
				IPHONEOS_DEPLOYMENT_TARGET = 16.4;
				MARKETING_VERSION = 1.0;
				PRODUCT_BUNDLE_IDENTIFIER = nwmsu.TemperatureIndicatorTests;
				PRODUCT_NAME = "$(TARGET_NAME)";
				SWIFT_EMIT_LOC_STRINGS = NO;
				SWIFT_VERSION = 5.0;
				TARGETED_DEVICE_FAMILY = "1,2";
				TEST_HOST = "$(BUILT_PRODUCTS_DIR)/TemperatureIndicator.app/$(BUNDLE_EXECUTABLE_FOLDER_PATH)/TemperatureIndicator";
			};
			name = Release;
		};
		312A46D62B62C05A004E07B2 /* Debug */ = {
			isa = XCBuildConfiguration;
			buildSettings = {
				ALWAYS_EMBED_SWIFT_STANDARD_LIBRARIES = YES;
				CODE_SIGN_STYLE = Automatic;
				CURRENT_PROJECT_VERSION = 1;
				GENERATE_INFOPLIST_FILE = YES;
				MARKETING_VERSION = 1.0;
				PRODUCT_BUNDLE_IDENTIFIER = nwmsu.TemperatureIndicatorUITests;
				PRODUCT_NAME = "$(TARGET_NAME)";
				SWIFT_EMIT_LOC_STRINGS = NO;
				SWIFT_VERSION = 5.0;
				TARGETED_DEVICE_FAMILY = "1,2";
				TEST_TARGET_NAME = TemperatureIndicator;
			};
			name = Debug;
		};
		312A46D72B62C05A004E07B2 /* Release */ = {
			isa = XCBuildConfiguration;
			buildSettings = {
				ALWAYS_EMBED_SWIFT_STANDARD_LIBRARIES = YES;
				CODE_SIGN_STYLE = Automatic;
				CURRENT_PROJECT_VERSION = 1;
				GENERATE_INFOPLIST_FILE = YES;
				MARKETING_VERSION = 1.0;
				PRODUCT_BUNDLE_IDENTIFIER = nwmsu.TemperatureIndicatorUITests;
				PRODUCT_NAME = "$(TARGET_NAME)";
				SWIFT_EMIT_LOC_STRINGS = NO;
				SWIFT_VERSION = 5.0;
				TARGETED_DEVICE_FAMILY = "1,2";
				TEST_TARGET_NAME = TemperatureIndicator;
			};
			name = Release;
		};
/* End XCBuildConfiguration section */

/* Begin XCConfigurationList section */
		312A46A02B62C05A004E07B2 /* Build configuration list for PBXProject "TemperatureIndicator" */ = {
			isa = XCConfigurationList;
			buildConfigurations = (
				312A46CD2B62C05A004E07B2 /* Debug */,
				312A46CE2B62C05A004E07B2 /* Release */,
			);
			defaultConfigurationIsVisible = 0;
			defaultConfigurationName = Release;
		};
		312A46CF2B62C05A004E07B2 /* Build configuration list for PBXNativeTarget "TemperatureIndicator" */ = {
			isa = XCConfigurationList;
			buildConfigurations = (
				312A46D02B62C05A004E07B2 /* Debug */,
				312A46D12B62C05A004E07B2 /* Release */,
			);
			defaultConfigurationIsVisible = 0;
			defaultConfigurationName = Release;
		};
		312A46D22B62C05A004E07B2 /* Build configuration list for PBXNativeTarget "TemperatureIndicatorTests" */ = {
			isa = XCConfigurationList;
			buildConfigurations = (
				312A46D32B62C05A004E07B2 /* Debug */,
				312A46D42B62C05A004E07B2 /* Release */,
			);
			defaultConfigurationIsVisible = 0;
			defaultConfigurationName = Release;
		};
		312A46D52B62C05A004E07B2 /* Build configuration list for PBXNativeTarget "TemperatureIndicatorUITests" */ = {
			isa = XCConfigurationList;
			buildConfigurations = (
				312A46D62B62C05A004E07B2 /* Debug */,
				312A46D72B62C05A004E07B2 /* Release */,
			);
			defaultConfigurationIsVisible = 0;
			defaultConfigurationName = Release;
		};
/* End XCConfigurationList section */
	};
	rootObject = 312A469D2B62C05A004E07B2 /* Project object */;
}
